
Microsoft Visual Studio Solution File, Format Version 12.00
# Visual Studio Version 17
VisualStudioVersion = 17.5.002.0
MinimumVisualStudioVersion = 10.0.40219.1
Project("{2150E333-8FDC-42A3-9474-1A3956D46DE8}") = "csharp-prep", "csharp-prep", "{F3BBF06D-5599-40B2-911A-69792DFBF828}"
EndProject
Project("{9A19103F-16F7-4668-BE54-9A1E7A4F7556}") = "Prep1", "csharp-prep\Prep1\Prep1.csproj", "{1184CF4F-B57E-4756-B109-291B3D480E76}"
EndProject
Project("{9A19103F-16F7-4668-BE54-9A1E7A4F7556}") = "Prep2", "csharp-prep\Prep2\Prep2.csproj", "{A8558EF9-DADD-4D8A-9FD1-B521DCBBB250}"
EndProject
Project("{9A19103F-16F7-4668-BE54-9A1E7A4F7556}") = "Prep3", "csharp-prep\Prep3\Prep3.csproj", "{9D7D352A-6AD4-4C0E-9FE3-4947DD6EB736}"
EndProject
Project("{9A19103F-16F7-4668-BE54-9A1E7A4F7556}") = "Prep4", "csharp-prep\Prep4\Prep4.csproj", "{00B89A3F-56D5-44A5-8E79-CE96782B059E}"
EndProject
Project("{9A19103F-16F7-4668-BE54-9A1E7A4F7556}") = "Prep5", "csharp-prep\Prep5\Prep5.csproj", "{7CB6C357-D0D9-4144-A778-B9EAB080D1ED}"
EndProject
Project("{2150E333-8FDC-42A3-9474-1A3956D46DE8}") = "final", "final", "{EBFB402F-1184-46AA-9800-C7495C27E451}"
EndProject
Project("{9A19103F-16F7-4668-BE54-9A1E7A4F7556}") = "FinalProject", "final\FinalProject\FinalProject.csproj", "{F2E1A155-55EF-4651-B882-53DBDB150A03}"
EndProject
Project("{9A19103F-16F7-4668-BE54-9A1E7A4F7556}") = "Foundation1", "final\Foundation1\Foundation1.csproj", "{E6BA3DF0-A926-4351-84CB-1A7C524E9BCB}"
EndProject
Project("{9A19103F-16F7-4668-BE54-9A1E7A4F7556}") = "Foundation2", "final\Foundation2\Foundation2.csproj", "{150A95F9-E64C-46F5-B3CA-F01D9BB8AF6A}"
EndProject
Project("{9A19103F-16F7-4668-BE54-9A1E7A4F7556}") = "Foundation3", "final\Foundation3\Foundation3.csproj", "{3ADFAF1B-AA1E-4720-84FD-9529AF7AA994}"
EndProject
Project("{9A19103F-16F7-4668-BE54-9A1E7A4F7556}") = "Foundation4", "final\Foundation4\Foundation4.csproj", "{E18BD2C5-0E5C-4A0C-A3D4-44549585A56D}"
EndProject
Project("{2150E333-8FDC-42A3-9474-1A3956D46DE8}") = "prepare", "prepare", "{D8A571B0-6249-4F0F-B5E7-06123060A6DE}"
EndProject
Project("{9A19103F-16F7-4668-BE54-9A1E7A4F7556}") = "Learning02", "prepare\Learning02\Learning02.csproj", "{8E39A54A-307A-4611-8A10-4E24BF166998}"
EndProject
Project("{9A19103F-16F7-4668-BE54-9A1E7A4F7556}") = "Learning03", "prepare\Learning03\Learning03.csproj", "{3972B4E6-D470-46C7-B55A-32D0C197DFA8}"
EndProject
Project("{9A19103F-16F7-4668-BE54-9A1E7A4F7556}") = "Learning04", "prepare\Learning04\Learning04.csproj", "{C8DD7D4F-8009-4C69-A5EE-9D6895F7B70F}"
EndProject
Project("{9A19103F-16F7-4668-BE54-9A1E7A4F7556}") = "Learning05", "prepare\Learning05\Learning05.csproj", "{828614F7-3B71-415F-8D8B-7B2DE4EC6CE0}"
EndProject
Project("{2150E333-8FDC-42A3-9474-1A3956D46DE8}") = "prove", "prove", "{F446CDED-EB8E-4B4C-A033-84272299A57D}"
EndProject
Project("{9A19103F-16F7-4668-BE54-9A1E7A4F7556}") = "Develop02", "prove\Develop02\Develop02.csproj", "{98105372-C015-47FB-A5F9-4FFC0A9081E7}"
EndProject
Project("{9A19103F-16F7-4668-BE54-9A1E7A4F7556}") = "Develop03", "prove\Develop03\Develop03.csproj", "{BB28321C-8ACF-4CDB-B0C9-3C3066658EB4}"
EndProject
Project("{9A19103F-16F7-4668-BE54-9A1E7A4F7556}") = "Develop04", "prove\Develop04\Develop04.csproj", "{D8A5C050-64DE-4CE0-8320-E1114267AFE2}"
EndProject
Project("{9A19103F-16F7-4668-BE54-9A1E7A4F7556}") = "Develop05", "prove\Develop05\Develop05.csproj", "{2549C73D-2926-4BC4-BEF1-06B83B77D324}"
EndProject
Project("{2150E333-8FDC-42A3-9474-1A3956D46DE8}") = "sandbox", "sandbox", "{7D578617-2ED7-4DEA-A7B4-D85824922C6D}"
EndProject
Project("{9A19103F-16F7-4668-BE54-9A1E7A4F7556}") = "Sandbox", "sandbox\Sandbox\Sandbox.csproj", "{E658B158-A5A2-4ABC-99B4-77FA5FD24D1C}"
EndProject
Global
	GlobalSection(SolutionConfigurationPlatforms) = preSolution
		Debug|Any CPU = Debug|Any CPU
		Release|Any CPU = Release|Any CPU
	EndGlobalSection
	GlobalSection(ProjectConfigurationPlatforms) = postSolution
		{1184CF4F-B57E-4756-B109-291B3D480E76}.Debug|Any CPU.ActiveCfg = Debug|Any CPU
		{1184CF4F-B57E-4756-B109-291B3D480E76}.Debug|Any CPU.Build.0 = Debug|Any CPU
		{1184CF4F-B57E-4756-B109-291B3D480E76}.Release|Any CPU.ActiveCfg = Release|Any CPU
		{1184CF4F-B57E-4756-B109-291B3D480E76}.Release|Any CPU.Build.0 = Release|Any CPU
		{A8558EF9-DADD-4D8A-9FD1-B521DCBBB250}.Debug|Any CPU.ActiveCfg = Debug|Any CPU
		{A8558EF9-DADD-4D8A-9FD1-B521DCBBB250}.Debug|Any CPU.Build.0 = Debug|Any CPU
		{A8558EF9-DADD-4D8A-9FD1-B521DCBBB250}.Release|Any CPU.ActiveCfg = Release|Any CPU
		{A8558EF9-DADD-4D8A-9FD1-B521DCBBB250}.Release|Any CPU.Build.0 = Release|Any CPU
		{9D7D352A-6AD4-4C0E-9FE3-4947DD6EB736}.Debug|Any CPU.ActiveCfg = Debug|Any CPU
		{9D7D352A-6AD4-4C0E-9FE3-4947DD6EB736}.Debug|Any CPU.Build.0 = Debug|Any CPU
		{9D7D352A-6AD4-4C0E-9FE3-4947DD6EB736}.Release|Any CPU.ActiveCfg = Release|Any CPU
		{9D7D352A-6AD4-4C0E-9FE3-4947DD6EB736}.Release|Any CPU.Build.0 = Release|Any CPU
		{00B89A3F-56D5-44A5-8E79-CE96782B059E}.Debug|Any CPU.ActiveCfg = Debug|Any CPU
		{00B89A3F-56D5-44A5-8E79-CE96782B059E}.Debug|Any CPU.Build.0 = Debug|Any CPU
		{00B89A3F-56D5-44A5-8E79-CE96782B059E}.Release|Any CPU.ActiveCfg = Release|Any CPU
		{00B89A3F-56D5-44A5-8E79-CE96782B059E}.Release|Any CPU.Build.0 = Release|Any CPU
		{7CB6C357-D0D9-4144-A778-B9EAB080D1ED}.Debug|Any CPU.ActiveCfg = Debug|Any CPU
		{7CB6C357-D0D9-4144-A778-B9EAB080D1ED}.Debug|Any CPU.Build.0 = Debug|Any CPU
		{7CB6C357-D0D9-4144-A778-B9EAB080D1ED}.Release|Any CPU.ActiveCfg = Release|Any CPU
		{7CB6C357-D0D9-4144-A778-B9EAB080D1ED}.Release|Any CPU.Build.0 = Release|Any CPU
		{F2E1A155-55EF-4651-B882-53DBDB150A03}.Debug|Any CPU.ActiveCfg = Debug|Any CPU
		{F2E1A155-55EF-4651-B882-53DBDB150A03}.Debug|Any CPU.Build.0 = Debug|Any CPU
		{F2E1A155-55EF-4651-B882-53DBDB150A03}.Release|Any CPU.ActiveCfg = Release|Any CPU
		{F2E1A155-55EF-4651-B882-53DBDB150A03}.Release|Any CPU.Build.0 = Release|Any CPU
		{E6BA3DF0-A926-4351-84CB-1A7C524E9BCB}.Debug|Any CPU.ActiveCfg = Debug|Any CPU
		{E6BA3DF0-A926-4351-84CB-1A7C524E9BCB}.Debug|Any CPU.Build.0 = Debug|Any CPU
		{E6BA3DF0-A926-4351-84CB-1A7C524E9BCB}.Release|Any CPU.ActiveCfg = Release|Any CPU
		{E6BA3DF0-A926-4351-84CB-1A7C524E9BCB}.Release|Any CPU.Build.0 = Release|Any CPU
		{150A95F9-E64C-46F5-B3CA-F01D9BB8AF6A}.Debug|Any CPU.ActiveCfg = Debug|Any CPU
		{150A95F9-E64C-46F5-B3CA-F01D9BB8AF6A}.Debug|Any CPU.Build.0 = Debug|Any CPU
		{150A95F9-E64C-46F5-B3CA-F01D9BB8AF6A}.Release|Any CPU.ActiveCfg = Release|Any CPU
		{150A95F9-E64C-46F5-B3CA-F01D9BB8AF6A}.Release|Any CPU.Build.0 = Release|Any CPU
		{3ADFAF1B-AA1E-4720-84FD-9529AF7AA994}.Debug|Any CPU.ActiveCfg = Debug|Any CPU
		{3ADFAF1B-AA1E-4720-84FD-9529AF7AA994}.Debug|Any CPU.Build.0 = Debug|Any CPU
		{3ADFAF1B-AA1E-4720-84FD-9529AF7AA994}.Release|Any CPU.ActiveCfg = Release|Any CPU
		{3ADFAF1B-AA1E-4720-84FD-9529AF7AA994}.Release|Any CPU.Build.0 = Release|Any CPU
		{E18BD2C5-0E5C-4A0C-A3D4-44549585A56D}.Debug|Any CPU.ActiveCfg = Debug|Any CPU
		{E18BD2C5-0E5C-4A0C-A3D4-44549585A56D}.Debug|Any CPU.Build.0 = Debug|Any CPU
		{E18BD2C5-0E5C-4A0C-A3D4-44549585A56D}.Release|Any CPU.ActiveCfg = Release|Any CPU
		{E18BD2C5-0E5C-4A0C-A3D4-44549585A56D}.Release|Any CPU.Build.0 = Release|Any CPU
		{8E39A54A-307A-4611-8A10-4E24BF166998}.Debug|Any CPU.ActiveCfg = Debug|Any CPU
		{8E39A54A-307A-4611-8A10-4E24BF166998}.Debug|Any CPU.Build.0 = Debug|Any CPU
		{8E39A54A-307A-4611-8A10-4E24BF166998}.Release|Any CPU.ActiveCfg = Release|Any CPU
		{8E39A54A-307A-4611-8A10-4E24BF166998}.Release|Any CPU.Build.0 = Release|Any CPU
		{3972B4E6-D470-46C7-B55A-32D0C197DFA8}.Debug|Any CPU.ActiveCfg = Debug|Any CPU
		{3972B4E6-D470-46C7-B55A-32D0C197DFA8}.Debug|Any CPU.Build.0 = Debug|Any CPU
		{3972B4E6-D470-46C7-B55A-32D0C197DFA8}.Release|Any CPU.ActiveCfg = Release|Any CPU
		{3972B4E6-D470-46C7-B55A-32D0C197DFA8}.Release|Any CPU.Build.0 = Release|Any CPU
		{C8DD7D4F-8009-4C69-A5EE-9D6895F7B70F}.Debug|Any CPU.ActiveCfg = Debug|Any CPU
		{C8DD7D4F-8009-4C69-A5EE-9D6895F7B70F}.Debug|Any CPU.Build.0 = Debug|Any CPU
		{C8DD7D4F-8009-4C69-A5EE-9D6895F7B70F}.Release|Any CPU.ActiveCfg = Release|Any CPU
		{C8DD7D4F-8009-4C69-A5EE-9D6895F7B70F}.Release|Any CPU.Build.0 = Release|Any CPU
		{828614F7-3B71-415F-8D8B-7B2DE4EC6CE0}.Debug|Any CPU.ActiveCfg = Debug|Any CPU
		{828614F7-3B71-415F-8D8B-7B2DE4EC6CE0}.Debug|Any CPU.Build.0 = Debug|Any CPU
		{828614F7-3B71-415F-8D8B-7B2DE4EC6CE0}.Release|Any CPU.ActiveCfg = Release|Any CPU
		{828614F7-3B71-415F-8D8B-7B2DE4EC6CE0}.Release|Any CPU.Build.0 = Release|Any CPU
		{98105372-C015-47FB-A5F9-4FFC0A9081E7}.Debug|Any CPU.ActiveCfg = Debug|Any CPU
		{98105372-C015-47FB-A5F9-4FFC0A9081E7}.Debug|Any CPU.Build.0 = Debug|Any CPU
		{98105372-C015-47FB-A5F9-4FFC0A9081E7}.Release|Any CPU.ActiveCfg = Release|Any CPU
		{98105372-C015-47FB-A5F9-4FFC0A9081E7}.Release|Any CPU.Build.0 = Release|Any CPU
		{BB28321C-8ACF-4CDB-B0C9-3C3066658EB4}.Debug|Any CPU.ActiveCfg = Debug|Any CPU
		{BB28321C-8ACF-4CDB-B0C9-3C3066658EB4}.Debug|Any CPU.Build.0 = Debug|Any CPU
		{BB28321C-8ACF-4CDB-B0C9-3C3066658EB4}.Release|Any CPU.ActiveCfg = Release|Any CPU
		{BB28321C-8ACF-4CDB-B0C9-3C3066658EB4}.Release|Any CPU.Build.0 = Release|Any CPU
		{D8A5C050-64DE-4CE0-8320-E1114267AFE2}.Debug|Any CPU.ActiveCfg = Debug|Any CPU
		{D8A5C050-64DE-4CE0-8320-E1114267AFE2}.Debug|Any CPU.Build.0 = Debug|Any CPU
		{D8A5C050-64DE-4CE0-8320-E1114267AFE2}.Release|Any CPU.ActiveCfg = Release|Any CPU
		{D8A5C050-64DE-4CE0-8320-E1114267AFE2}.Release|Any CPU.Build.0 = Release|Any CPU
		{2549C73D-2926-4BC4-BEF1-06B83B77D324}.Debug|Any CPU.ActiveCfg = Debug|Any CPU
		{2549C73D-2926-4BC4-BEF1-06B83B77D324}.Debug|Any CPU.Build.0 = Debug|Any CPU
		{2549C73D-2926-4BC4-BEF1-06B83B77D324}.Release|Any CPU.ActiveCfg = Release|Any CPU
		{2549C73D-2926-4BC4-BEF1-06B83B77D324}.Release|Any CPU.Build.0 = Release|Any CPU
		{E658B158-A5A2-4ABC-99B4-77FA5FD24D1C}.Debug|Any CPU.ActiveCfg = Debug|Any CPU
		{E658B158-A5A2-4ABC-99B4-77FA5FD24D1C}.Debug|Any CPU.Build.0 = Debug|Any CPU
		{E658B158-A5A2-4ABC-99B4-77FA5FD24D1C}.Release|Any CPU.ActiveCfg = Release|Any CPU
		{E658B158-A5A2-4ABC-99B4-77FA5FD24D1C}.Release|Any CPU.Build.0 = Release|Any CPU
	EndGlobalSection
	GlobalSection(SolutionProperties) = preSolution
		HideSolutionNode = FALSE
	EndGlobalSection
	GlobalSection(NestedProjects) = preSolution
		{1184CF4F-B57E-4756-B109-291B3D480E76} = {F3BBF06D-5599-40B2-911A-69792DFBF828}
		{A8558EF9-DADD-4D8A-9FD1-B521DCBBB250} = {F3BBF06D-5599-40B2-911A-69792DFBF828}
		{9D7D352A-6AD4-4C0E-9FE3-4947DD6EB736} = {F3BBF06D-5599-40B2-911A-69792DFBF828}
		{00B89A3F-56D5-44A5-8E79-CE96782B059E} = {F3BBF06D-5599-40B2-911A-69792DFBF828}
		{7CB6C357-D0D9-4144-A778-B9EAB080D1ED} = {F3BBF06D-5599-40B2-911A-69792DFBF828}
		{F2E1A155-55EF-4651-B882-53DBDB150A03} = {EBFB402F-1184-46AA-9800-C7495C27E451}
		{E6BA3DF0-A926-4351-84CB-1A7C524E9BCB} = {EBFB402F-1184-46AA-9800-C7495C27E451}
		{150A95F9-E64C-46F5-B3CA-F01D9BB8AF6A} = {EBFB402F-1184-46AA-9800-C7495C27E451}
		{3ADFAF1B-AA1E-4720-84FD-9529AF7AA994} = {EBFB402F-1184-46AA-9800-C7495C27E451}
		{E18BD2C5-0E5C-4A0C-A3D4-44549585A56D} = {EBFB402F-1184-46AA-9800-C7495C27E451}
		{8E39A54A-307A-4611-8A10-4E24BF166998} = {D8A571B0-6249-4F0F-B5E7-06123060A6DE}
		{3972B4E6-D470-46C7-B55A-32D0C197DFA8} = {D8A571B0-6249-4F0F-B5E7-06123060A6DE}
		{C8DD7D4F-8009-4C69-A5EE-9D6895F7B70F} = {D8A571B0-6249-4F0F-B5E7-06123060A6DE}
		{828614F7-3B71-415F-8D8B-7B2DE4EC6CE0} = {D8A571B0-6249-4F0F-B5E7-06123060A6DE}
		{98105372-C015-47FB-A5F9-4FFC0A9081E7} = {F446CDED-EB8E-4B4C-A033-84272299A57D}
		{BB28321C-8ACF-4CDB-B0C9-3C3066658EB4} = {F446CDED-EB8E-4B4C-A033-84272299A57D}
		{D8A5C050-64DE-4CE0-8320-E1114267AFE2} = {F446CDED-EB8E-4B4C-A033-84272299A57D}
		{2549C73D-2926-4BC4-BEF1-06B83B77D324} = {F446CDED-EB8E-4B4C-A033-84272299A57D}
		{E658B158-A5A2-4ABC-99B4-77FA5FD24D1C} = {7D578617-2ED7-4DEA-A7B4-D85824922C6D}
	EndGlobalSection
	GlobalSection(ExtensibilityGlobals) = postSolution
		SolutionGuid = {1756E7C9-E539-4490-AC8E-B14495C537F6}
	EndGlobalSection
EndGlobal
