
Microsoft Visual Studio Solution File, Format Version 12.00
# Visual Studio Version 17
VisualStudioVersion = 17.5.002.0
MinimumVisualStudioVersion = 10.0.40219.1
Project("{9A19103F-16F7-4668-BE54-9A1E7A4F7556}") = "FinalProject", "FinalProject.csproj", "{C00DDB6A-265E-42BB-88B3-B3320CF926BE}"
EndProject
Global
	GlobalSection(SolutionConfigurationPlatforms) = preSolution
		Debug|Any CPU = Debug|Any CPU
		Release|Any CPU = Release|Any CPU
	EndGlobalSection
	GlobalSection(ProjectConfigurationPlatforms) = postSolution
		{C00DDB6A-265E-42BB-88B3-B3320CF926BE}.Debug|Any CPU.ActiveCfg = Debug|Any CPU
		{C00DDB6A-265E-42BB-88B3-B3320CF926BE}.Debug|Any CPU.Build.0 = Debug|Any CPU
		{C00DDB6A-265E-42BB-88B3-B3320CF926BE}.Release|Any CPU.ActiveCfg = Release|Any CPU
		{C00DDB6A-265E-42BB-88B3-B3320CF926BE}.Release|Any CPU.Build.0 = Release|Any CPU
	EndGlobalSection
	GlobalSection(SolutionProperties) = preSolution
		HideSolutionNode = FALSE
	EndGlobalSection
	GlobalSection(ExtensibilityGlobals) = postSolution
		SolutionGuid = {00D42E23-B280-4248-BE59-F4E630DF1A87}
	EndGlobalSection
EndGlobal
